
Microsoft Visual Studio Solution File, Format Version 12.00
# Visual Studio Version 16
VisualStudioVersion = 16.0.29920.165
MinimumVisualStudioVersion = 10.0.40219.1
Project("{9A19103F-16F7-4668-BE54-9A1E7A4F7556}") = "MMOPPPServer", "MMOPPPServer\MMOPPPServer.csproj", "{3376B079-4623-4AB7-A093-CB985E04CAA7}"
EndProject
Project("{9A19103F-16F7-4668-BE54-9A1E7A4F7556}") = "MMOPPPClient", "MMOPPPClient\MMOPPPClient.csproj", "{5BE7A8FF-A602-4A95-B6C7-9C651784EA84}"
EndProject
Project("{9A19103F-16F7-4668-BE54-9A1E7A4F7556}") = "MMOPPPLibrary", "MMOPPPLibrary\MMOPPPLibrary.csproj", "{AD9A3DD5-DB5E-4DE3-9450-55CB4224C1E7}"
EndProject
Global
	GlobalSection(SolutionConfigurationPlatforms) = preSolution
		Debug|Any CPU = Debug|Any CPU
		Release|Any CPU = Release|Any CPU
	EndGlobalSection
	GlobalSection(ProjectConfigurationPlatforms) = postSolution
		{3376B079-4623-4AB7-A093-CB985E04CAA7}.Debug|Any CPU.ActiveCfg = Debug|Any CPU
		{3376B079-4623-4AB7-A093-CB985E04CAA7}.Debug|Any CPU.Build.0 = Debug|Any CPU
		{3376B079-4623-4AB7-A093-CB985E04CAA7}.Release|Any CPU.ActiveCfg = Release|Any CPU
		{3376B079-4623-4AB7-A093-CB985E04CAA7}.Release|Any CPU.Build.0 = Release|Any CPU
		{5BE7A8FF-A602-4A95-B6C7-9C651784EA84}.Debug|Any CPU.ActiveCfg = Debug|Any CPU
		{5BE7A8FF-A602-4A95-B6C7-9C651784EA84}.Debug|Any CPU.Build.0 = Debug|Any CPU
		{5BE7A8FF-A602-4A95-B6C7-9C651784EA84}.Release|Any CPU.ActiveCfg = Release|Any CPU
		{5BE7A8FF-A602-4A95-B6C7-9C651784EA84}.Release|Any CPU.Build.0 = Release|Any CPU
		{AD9A3DD5-DB5E-4DE3-9450-55CB4224C1E7}.Debug|Any CPU.ActiveCfg = Debug|Any CPU
		{AD9A3DD5-DB5E-4DE3-9450-55CB4224C1E7}.Debug|Any CPU.Build.0 = Debug|Any CPU
		{AD9A3DD5-DB5E-4DE3-9450-55CB4224C1E7}.Release|Any CPU.ActiveCfg = Release|Any CPU
		{AD9A3DD5-DB5E-4DE3-9450-55CB4224C1E7}.Release|Any CPU.Build.0 = Release|Any CPU
	EndGlobalSection
	GlobalSection(SolutionProperties) = preSolution
		HideSolutionNode = FALSE
	EndGlobalSection
	GlobalSection(ExtensibilityGlobals) = postSolution
		SolutionGuid = {4771C04E-BDA7-4008-B62E-8B27976A3497}
	EndGlobalSection
EndGlobal
